
Microsoft Visual Studio Solution File, Format Version 12.00
# Visual Studio 2012
Project("{FAE04EC0-301F-11D3-BF4B-00C04F79EFBC}") = "Feedby.UI.Web", "Feedby.UI.Web\Feedby.UI.Web.csproj", "{4714C3D8-34DE-4170-9082-BACDD6CD6CEC}"
EndProject
Project("{2150E333-8FDC-42A3-9474-1A3956D46DE8}") = ".nuget", ".nuget", "{99E6E86F-1D03-44D4-8D17-1537640FE1B4}"
	ProjectSection(SolutionItems) = preProject
		.nuget\NuGet.Config = .nuget\NuGet.Config
		.nuget\NuGet.exe = .nuget\NuGet.exe
		.nuget\NuGet.targets = .nuget\NuGet.targets
	EndProjectSection
EndProject
Project("{2150E333-8FDC-42A3-9474-1A3956D46DE8}") = "01 - Application", "01 - Application", "{FE35C439-1C4A-4508-81F7-AB8506D84A9D}"
EndProject
Project("{2150E333-8FDC-42A3-9474-1A3956D46DE8}") = "02 - Infrastructure", "02 - Infrastructure", "{31D22797-7D18-4683-9AD7-DF5ED841C150}"
EndProject
Project("{2150E333-8FDC-42A3-9474-1A3956D46DE8}") = "90 - Tests", "90 - Tests", "{C6098DDF-4244-4DF4-96CE-7533CA52BCCD}"
EndProject
Project("{FAE04EC0-301F-11D3-BF4B-00C04F79EFBC}") = "Feedby.Infrastructure", "Feedby.Infrastructure\Feedby.Infrastructure.csproj", "{2F370E88-8F7E-4A13-9D49-B7136F8BC356}"
EndProject
Project("{2150E333-8FDC-42A3-9474-1A3956D46DE8}") = "00 - Architecture", "00 - Architecture", "{DC8FC54C-E28B-4451-AE0D-76300EA2459D}"
EndProject
Project("{F088123C-0E9E-452A-89E6-6BA2F21D5CAC}") = "Feedby.Architecture", "Feedby.Architecture\Feedby.Architecture.modelproj", "{80E1B967-098E-4179-883A-E8E6D94729A8}"
EndProject
Project("{FAE04EC0-301F-11D3-BF4B-00C04F79EFBC}") = "Feedby.Tests.Repositories", "Feedby.Tests.Repositories\Feedby.Tests.Repositories.csproj", "{F4374415-D3E3-4ED3-B017-F91B4905238D}"
EndProject
Global
	GlobalSection(SolutionConfigurationPlatforms) = preSolution
		Debug|Any CPU = Debug|Any CPU
		Release|Any CPU = Release|Any CPU
	EndGlobalSection
	GlobalSection(ProjectConfigurationPlatforms) = postSolution
		{4714C3D8-34DE-4170-9082-BACDD6CD6CEC}.Debug|Any CPU.ActiveCfg = Debug|Any CPU
		{4714C3D8-34DE-4170-9082-BACDD6CD6CEC}.Debug|Any CPU.Build.0 = Debug|Any CPU
		{4714C3D8-34DE-4170-9082-BACDD6CD6CEC}.Release|Any CPU.ActiveCfg = Release|Any CPU
		{4714C3D8-34DE-4170-9082-BACDD6CD6CEC}.Release|Any CPU.Build.0 = Release|Any CPU
		{2F370E88-8F7E-4A13-9D49-B7136F8BC356}.Debug|Any CPU.ActiveCfg = Debug|Any CPU
		{2F370E88-8F7E-4A13-9D49-B7136F8BC356}.Debug|Any CPU.Build.0 = Debug|Any CPU
		{2F370E88-8F7E-4A13-9D49-B7136F8BC356}.Release|Any CPU.ActiveCfg = Release|Any CPU
		{2F370E88-8F7E-4A13-9D49-B7136F8BC356}.Release|Any CPU.Build.0 = Release|Any CPU
		{80E1B967-098E-4179-883A-E8E6D94729A8}.Debug|Any CPU.ActiveCfg = Debug|Any CPU
		{80E1B967-098E-4179-883A-E8E6D94729A8}.Debug|Any CPU.Build.0 = Debug|Any CPU
		{80E1B967-098E-4179-883A-E8E6D94729A8}.Release|Any CPU.ActiveCfg = Release|Any CPU
		{80E1B967-098E-4179-883A-E8E6D94729A8}.Release|Any CPU.Build.0 = Release|Any CPU
		{F4374415-D3E3-4ED3-B017-F91B4905238D}.Debug|Any CPU.ActiveCfg = Debug|Any CPU
		{F4374415-D3E3-4ED3-B017-F91B4905238D}.Debug|Any CPU.Build.0 = Debug|Any CPU
		{F4374415-D3E3-4ED3-B017-F91B4905238D}.Release|Any CPU.ActiveCfg = Release|Any CPU
		{F4374415-D3E3-4ED3-B017-F91B4905238D}.Release|Any CPU.Build.0 = Release|Any CPU
	EndGlobalSection
	GlobalSection(SolutionProperties) = preSolution
		HideSolutionNode = FALSE
	EndGlobalSection
	GlobalSection(NestedProjects) = preSolution
		{4714C3D8-34DE-4170-9082-BACDD6CD6CEC} = {FE35C439-1C4A-4508-81F7-AB8506D84A9D}
		{2F370E88-8F7E-4A13-9D49-B7136F8BC356} = {31D22797-7D18-4683-9AD7-DF5ED841C150}
		{F4374415-D3E3-4ED3-B017-F91B4905238D} = {C6098DDF-4244-4DF4-96CE-7533CA52BCCD}
		{80E1B967-098E-4179-883A-E8E6D94729A8} = {DC8FC54C-E28B-4451-AE0D-76300EA2459D}
	EndGlobalSection
	GlobalSection(ExtensibilityGlobals) = postSolution
		EnterpriseLibraryConfigurationToolBinariesPath = packages\Unity.2.1.505.2\lib\NET35
	EndGlobalSection
EndGlobal
