
Microsoft Visual Studio Solution File, Format Version 12.00
# Visual Studio 2012
Project("{FAE04EC0-301F-11D3-BF4B-00C04F79EFBC}") = "Feedby.UI.Web", "Feedby.UI.Web\Feedby.UI.Web.csproj", "{4714C3D8-34DE-4170-9082-BACDD6CD6CEC}"
EndProject
Project("{2150E333-8FDC-42A3-9474-1A3956D46DE8}") = ".nuget", ".nuget", "{99E6E86F-1D03-44D4-8D17-1537640FE1B4}"
	ProjectSection(SolutionItems) = preProject
		.nuget\NuGet.Config = .nuget\NuGet.Config
		.nuget\NuGet.exe = .nuget\NuGet.exe
		.nuget\NuGet.targets = .nuget\NuGet.targets
	EndProjectSection
EndProject
Project("{FAE04EC0-301F-11D3-BF4B-00C04F79EFBC}") = "Feedby.Profiles.Contracts", "Feedby.Profiles\Feedby.Profiles.Contracts.csproj", "{3B93E21D-8EB0-4C73-8241-0418AA535C63}"
EndProject
Project("{FAE04EC0-301F-11D3-BF4B-00C04F79EFBC}") = "Feedby.DataContext", "Feedby.DataContext\Feedby.DataContext.csproj", "{F9E2592C-08A0-460B-9A6C-127976458B64}"
EndProject
Project("{2150E333-8FDC-42A3-9474-1A3956D46DE8}") = "03 - Model", "03 - Model", "{F3F4D979-B280-4C65-BE2B-D672B041D937}"
EndProject
Project("{2150E333-8FDC-42A3-9474-1A3956D46DE8}") = "01 - Application", "01 - Application", "{FE35C439-1C4A-4508-81F7-AB8506D84A9D}"
EndProject
Project("{2150E333-8FDC-42A3-9474-1A3956D46DE8}") = "02 - Services", "02 - Services", "{31D22797-7D18-4683-9AD7-DF5ED841C150}"
EndProject
Project("{FAE04EC0-301F-11D3-BF4B-00C04F79EFBC}") = "Feedby.Services", "Feedby.Services\Feedby.Services.csproj", "{3011C0D9-7AF0-48D3-ACAA-A9552F77C510}"
EndProject
Project("{2150E333-8FDC-42A3-9474-1A3956D46DE8}") = "00 - Framework", "00 - Framework", "{94E7CD0E-4A71-41E8-9989-60544CCE0F77}"
EndProject
Project("{FAE04EC0-301F-11D3-BF4B-00C04F79EFBC}") = "Feedby.DependencyResolver", "Feedby.DependencyResolver\Feedby.DependencyResolver.csproj", "{B38B1427-D086-41D9-A685-78C884DDC4C8}"
EndProject
Project("{2150E333-8FDC-42A3-9474-1A3956D46DE8}") = "04 - Data", "04 - Data", "{C6098DDF-4244-4DF4-96CE-7533CA52BCCD}"
EndProject
Project("{FAE04EC0-301F-11D3-BF4B-00C04F79EFBC}") = "Feedby.Profiles.Data", "Feedby.Profiles.Data\Feedby.Profiles.Data.csproj", "{F09BC100-5EE1-419B-A566-54FA19C4612E}"
EndProject
Global
	GlobalSection(SolutionConfigurationPlatforms) = preSolution
		Debug|Any CPU = Debug|Any CPU
		Release|Any CPU = Release|Any CPU
	EndGlobalSection
	GlobalSection(ProjectConfigurationPlatforms) = postSolution
		{4714C3D8-34DE-4170-9082-BACDD6CD6CEC}.Debug|Any CPU.ActiveCfg = Debug|Any CPU
		{4714C3D8-34DE-4170-9082-BACDD6CD6CEC}.Debug|Any CPU.Build.0 = Debug|Any CPU
		{4714C3D8-34DE-4170-9082-BACDD6CD6CEC}.Release|Any CPU.ActiveCfg = Release|Any CPU
		{4714C3D8-34DE-4170-9082-BACDD6CD6CEC}.Release|Any CPU.Build.0 = Release|Any CPU
		{3B93E21D-8EB0-4C73-8241-0418AA535C63}.Debug|Any CPU.ActiveCfg = Debug|Any CPU
		{3B93E21D-8EB0-4C73-8241-0418AA535C63}.Debug|Any CPU.Build.0 = Debug|Any CPU
		{3B93E21D-8EB0-4C73-8241-0418AA535C63}.Release|Any CPU.ActiveCfg = Release|Any CPU
		{3B93E21D-8EB0-4C73-8241-0418AA535C63}.Release|Any CPU.Build.0 = Release|Any CPU
		{F9E2592C-08A0-460B-9A6C-127976458B64}.Debug|Any CPU.ActiveCfg = Debug|Any CPU
		{F9E2592C-08A0-460B-9A6C-127976458B64}.Debug|Any CPU.Build.0 = Debug|Any CPU
		{F9E2592C-08A0-460B-9A6C-127976458B64}.Release|Any CPU.ActiveCfg = Release|Any CPU
		{F9E2592C-08A0-460B-9A6C-127976458B64}.Release|Any CPU.Build.0 = Release|Any CPU
		{3011C0D9-7AF0-48D3-ACAA-A9552F77C510}.Debug|Any CPU.ActiveCfg = Debug|Any CPU
		{3011C0D9-7AF0-48D3-ACAA-A9552F77C510}.Debug|Any CPU.Build.0 = Debug|Any CPU
		{3011C0D9-7AF0-48D3-ACAA-A9552F77C510}.Release|Any CPU.ActiveCfg = Release|Any CPU
		{3011C0D9-7AF0-48D3-ACAA-A9552F77C510}.Release|Any CPU.Build.0 = Release|Any CPU
		{B38B1427-D086-41D9-A685-78C884DDC4C8}.Debug|Any CPU.ActiveCfg = Debug|Any CPU
		{B38B1427-D086-41D9-A685-78C884DDC4C8}.Debug|Any CPU.Build.0 = Debug|Any CPU
		{B38B1427-D086-41D9-A685-78C884DDC4C8}.Release|Any CPU.ActiveCfg = Release|Any CPU
		{B38B1427-D086-41D9-A685-78C884DDC4C8}.Release|Any CPU.Build.0 = Release|Any CPU
		{F09BC100-5EE1-419B-A566-54FA19C4612E}.Debug|Any CPU.ActiveCfg = Debug|Any CPU
		{F09BC100-5EE1-419B-A566-54FA19C4612E}.Debug|Any CPU.Build.0 = Debug|Any CPU
		{F09BC100-5EE1-419B-A566-54FA19C4612E}.Release|Any CPU.ActiveCfg = Release|Any CPU
		{F09BC100-5EE1-419B-A566-54FA19C4612E}.Release|Any CPU.Build.0 = Release|Any CPU
	EndGlobalSection
	GlobalSection(SolutionProperties) = preSolution
		HideSolutionNode = FALSE
	EndGlobalSection
	GlobalSection(NestedProjects) = preSolution
		{3B93E21D-8EB0-4C73-8241-0418AA535C63} = {F3F4D979-B280-4C65-BE2B-D672B041D937}
		{4714C3D8-34DE-4170-9082-BACDD6CD6CEC} = {FE35C439-1C4A-4508-81F7-AB8506D84A9D}
		{3011C0D9-7AF0-48D3-ACAA-A9552F77C510} = {31D22797-7D18-4683-9AD7-DF5ED841C150}
		{B38B1427-D086-41D9-A685-78C884DDC4C8} = {94E7CD0E-4A71-41E8-9989-60544CCE0F77}
		{F9E2592C-08A0-460B-9A6C-127976458B64} = {C6098DDF-4244-4DF4-96CE-7533CA52BCCD}
		{F09BC100-5EE1-419B-A566-54FA19C4612E} = {C6098DDF-4244-4DF4-96CE-7533CA52BCCD}
	EndGlobalSection
	GlobalSection(ExtensibilityGlobals) = postSolution
		EnterpriseLibraryConfigurationToolBinariesPath = packages\Unity.2.1.505.2\lib\NET35
	EndGlobalSection
EndGlobal
