
Microsoft Visual Studio Solution File, Format Version 12.00
# Visual Studio 2012
Project("{FAE04EC0-301F-11D3-BF4B-00C04F79EFBC}") = "Feedby", "Feedby\Feedby.csproj", "{F9F3D284-8D87-44D2-B556-45BDEACFB4BF}"
EndProject
Project("{FAE04EC0-301F-11D3-BF4B-00C04F79EFBC}") = "Feedby.Model", "Feedby.Model\Feedby.Model.csproj", "{A6591A0B-0E04-4CC0-A955-072C6787197F}"
EndProject
Global
	GlobalSection(SolutionConfigurationPlatforms) = preSolution
		Debug|Any CPU = Debug|Any CPU
		Release|Any CPU = Release|Any CPU
	EndGlobalSection
	GlobalSection(ProjectConfigurationPlatforms) = postSolution
		{F9F3D284-8D87-44D2-B556-45BDEACFB4BF}.Debug|Any CPU.ActiveCfg = Debug|Any CPU
		{F9F3D284-8D87-44D2-B556-45BDEACFB4BF}.Debug|Any CPU.Build.0 = Debug|Any CPU
		{F9F3D284-8D87-44D2-B556-45BDEACFB4BF}.Release|Any CPU.ActiveCfg = Release|Any CPU
		{F9F3D284-8D87-44D2-B556-45BDEACFB4BF}.Release|Any CPU.Build.0 = Release|Any CPU
		{A6591A0B-0E04-4CC0-A955-072C6787197F}.Debug|Any CPU.ActiveCfg = Debug|Any CPU
		{A6591A0B-0E04-4CC0-A955-072C6787197F}.Debug|Any CPU.Build.0 = Debug|Any CPU
		{A6591A0B-0E04-4CC0-A955-072C6787197F}.Release|Any CPU.ActiveCfg = Release|Any CPU
		{A6591A0B-0E04-4CC0-A955-072C6787197F}.Release|Any CPU.Build.0 = Release|Any CPU
	EndGlobalSection
	GlobalSection(SolutionProperties) = preSolution
		HideSolutionNode = FALSE
	EndGlobalSection
EndGlobal
